
Microsoft Visual Studio Solution File, Format Version 12.00
# Visual Studio 15
VisualStudioVersion = 15.0.33403.129
MinimumVisualStudioVersion = 10.0.40219.1
Project("{8BC9CEB8-8B4A-11D0-8D11-00A0C91BC942}") = "ArraySum", "ArraySum\ArraySum.vcxproj", "{3A13CD44-4913-401F-87E9-6A375B618535}"
EndProject
Global
	GlobalSection(SolutionConfigurationPlatforms) = preSolution
		Debug|x64 = Debug|x64
		Debug|x86 = Debug|x86
		Release|x64 = Release|x64
		Release|x86 = Release|x86
	EndGlobalSection
	GlobalSection(ProjectConfigurationPlatforms) = postSolution
		{3A13CD44-4913-401F-87E9-6A375B618535}.Debug|x64.ActiveCfg = Debug|x64
		{3A13CD44-4913-401F-87E9-6A375B618535}.Debug|x64.Build.0 = Debug|x64
		{3A13CD44-4913-401F-87E9-6A375B618535}.Debug|x86.ActiveCfg = Debug|Win32
		{3A13CD44-4913-401F-87E9-6A375B618535}.Debug|x86.Build.0 = Debug|Win32
		{3A13CD44-4913-401F-87E9-6A375B618535}.Release|x64.ActiveCfg = Release|x64
		{3A13CD44-4913-401F-87E9-6A375B618535}.Release|x64.Build.0 = Release|x64
		{3A13CD44-4913-401F-87E9-6A375B618535}.Release|x86.ActiveCfg = Release|Win32
		{3A13CD44-4913-401F-87E9-6A375B618535}.Release|x86.Build.0 = Release|Win32
	EndGlobalSection
	GlobalSection(SolutionProperties) = preSolution
		HideSolutionNode = FALSE
	EndGlobalSection
	GlobalSection(ExtensibilityGlobals) = postSolution
		SolutionGuid = {BF45FF73-EECB-4B31-BCEA-A280F769B1AD}
	EndGlobalSection
EndGlobal
